
Microsoft Visual Studio Solution File, Format Version 12.00
# Visual Studio 15
VisualStudioVersion = 15.0.28307.539
MinimumVisualStudioVersion = 10.0.40219.1
Project("{8BC9CEB8-8B4A-11D0-8D11-00A0C91BC942}") = "TransportTask", "TransportTask\TransportTask.vcxproj", "{8C54E20C-15C5-4347-9008-5BD765072D5E}"
EndProject
Project("{2150E333-8FDC-42A3-9474-1A3956D46DE8}") = "InputFiles", "InputFiles", "{906145FC-2470-4D8D-8401-4739B3EF33F4}"
	ProjectSection(SolutionItems) = preProject
		TransportTask\InputFiles\input.txt = TransportTask\InputFiles\input.txt
		TransportTask\InputFiles\practice.txt = TransportTask\InputFiles\practice.txt
	EndProjectSection
EndProject
Global
	GlobalSection(SolutionConfigurationPlatforms) = preSolution
		Debug|x64 = Debug|x64
		Debug|x86 = Debug|x86
		Release|x64 = Release|x64
		Release|x86 = Release|x86
	EndGlobalSection
	GlobalSection(ProjectConfigurationPlatforms) = postSolution
		{8C54E20C-15C5-4347-9008-5BD765072D5E}.Debug|x64.ActiveCfg = Debug|x64
		{8C54E20C-15C5-4347-9008-5BD765072D5E}.Debug|x64.Build.0 = Debug|x64
		{8C54E20C-15C5-4347-9008-5BD765072D5E}.Debug|x86.ActiveCfg = Debug|Win32
		{8C54E20C-15C5-4347-9008-5BD765072D5E}.Debug|x86.Build.0 = Debug|Win32
		{8C54E20C-15C5-4347-9008-5BD765072D5E}.Release|x64.ActiveCfg = Release|x64
		{8C54E20C-15C5-4347-9008-5BD765072D5E}.Release|x64.Build.0 = Release|x64
		{8C54E20C-15C5-4347-9008-5BD765072D5E}.Release|x86.ActiveCfg = Release|Win32
		{8C54E20C-15C5-4347-9008-5BD765072D5E}.Release|x86.Build.0 = Release|Win32
	EndGlobalSection
	GlobalSection(SolutionProperties) = preSolution
		HideSolutionNode = FALSE
	EndGlobalSection
	GlobalSection(ExtensibilityGlobals) = postSolution
		SolutionGuid = {E3836ABE-853B-4DF5-8968-B59756DE8BA8}
	EndGlobalSection
EndGlobal
